
Microsoft Visual Studio Solution File, Format Version 12.00
# Visual Studio Version 17
VisualStudioVersion = 17.14.36310.24 d17.14
MinimumVisualStudioVersion = 10.0.40219.1
Project("{FAE04EC0-301F-11D3-BF4B-00C04F79EFBC}") = "Builder Pattern", "Builder Pattern.csproj", "{B4D0C6F7-CE96-468D-A95C-CB625929B69B}"
EndProject
Global
	GlobalSection(SolutionConfigurationPlatforms) = preSolution
		Debug|Any CPU = Debug|Any CPU
		Release|Any CPU = Release|Any CPU
	EndGlobalSection
	GlobalSection(ProjectConfigurationPlatforms) = postSolution
		{B4D0C6F7-CE96-468D-A95C-CB625929B69B}.Debug|Any CPU.ActiveCfg = Debug|Any CPU
		{B4D0C6F7-CE96-468D-A95C-CB625929B69B}.Debug|Any CPU.Build.0 = Debug|Any CPU
		{B4D0C6F7-CE96-468D-A95C-CB625929B69B}.Release|Any CPU.ActiveCfg = Release|Any CPU
		{B4D0C6F7-CE96-468D-A95C-CB625929B69B}.Release|Any CPU.Build.0 = Release|Any CPU
	EndGlobalSection
	GlobalSection(SolutionProperties) = preSolution
		HideSolutionNode = FALSE
	EndGlobalSection
	GlobalSection(ExtensibilityGlobals) = postSolution
		SolutionGuid = {DAF6DED5-B35F-4B5E-8E06-FB1196F6C88B}
	EndGlobalSection
EndGlobal
