
Microsoft Visual Studio Solution File, Format Version 12.00
# Visual Studio Version 17
VisualStudioVersion = 17.14.36408.4 d17.14
MinimumVisualStudioVersion = 10.0.40219.1
Project("{FAE04EC0-301F-11D3-BF4B-00C04F79EFBC}") = "Adaptor Pattern", "Adaptor Pattern\Adaptor Pattern.csproj", "{5F9AB252-3DA6-4E2F-942D-E96A5763A2FC}"
EndProject
Global
	GlobalSection(SolutionConfigurationPlatforms) = preSolution
		Debug|Any CPU = Debug|Any CPU
		Release|Any CPU = Release|Any CPU
	EndGlobalSection
	GlobalSection(ProjectConfigurationPlatforms) = postSolution
		{5F9AB252-3DA6-4E2F-942D-E96A5763A2FC}.Debug|Any CPU.ActiveCfg = Debug|Any CPU
		{5F9AB252-3DA6-4E2F-942D-E96A5763A2FC}.Debug|Any CPU.Build.0 = Debug|Any CPU
		{5F9AB252-3DA6-4E2F-942D-E96A5763A2FC}.Release|Any CPU.ActiveCfg = Release|Any CPU
		{5F9AB252-3DA6-4E2F-942D-E96A5763A2FC}.Release|Any CPU.Build.0 = Release|Any CPU
	EndGlobalSection
	GlobalSection(SolutionProperties) = preSolution
		HideSolutionNode = FALSE
	EndGlobalSection
	GlobalSection(ExtensibilityGlobals) = postSolution
		SolutionGuid = {E46676A4-433A-4EE9-9E5C-5A50EAD84CB2}
	EndGlobalSection
EndGlobal
